<?xml version="1.0" encoding="utf-8"?>
<Project ToolsVersion="4.0" xmlns="http://schemas.microsoft.com/developer/msbuild/2003">
  <ItemGroup>
    <Filter Include="Source Files">
      <UniqueIdentifier>{4FC737F1-C7A5-4376-A066-2A32D752A2FF}</UniqueIdentifier>
      <Extensions>cpp;c;cc;cxx;def;odl;idl;hpj;bat;asm;asmx</Extensions>
    </Filter>
    <Filter Include="Header Files">
      <UniqueIdentifier>{93995380-89BD-4b04-88EB-625FBE52EBFB}</UniqueIdentifier>
      <Extensions>h;hh;hpp;hxx;hm;inl;inc;ipp;xsd</Extensions>
    </Filter>
    <Filter Include="Header Files\Packet">
      <UniqueIdentifier>{9863bd08-6845-456c-aee5-5fcb446b0574}</UniqueIdentifier>
    </Filter>
    <Filter Include="Source Files\Packet">
      <UniqueIdentifier>{58815a59-8c13-4159-8e17-5502bf61f2bb}</UniqueIdentifier>
    </Filter>
    <Filter Include="Header Files\Exception">
      <UniqueIdentifier>{f2d4a077-6738-4dbf-880b-f914499e8b56}</UniqueIdentifier>
    </Filter>
    <Filter Include="Source Files\UI">
      <UniqueIdentifier>{a6a8e33b-a661-4608-a40b-0c75fcd43c1e}</UniqueIdentifier>
    </Filter>
    <Filter Include="Header Files\UI">
      <UniqueIdentifier>{defc4426-4668-4aa9-8ab3-ae0fbb8c0696}</UniqueIdentifier>
    </Filter>
  </ItemGroup>
  <ItemGroup>
    <ClCompile Include="ChatClient.cpp">
      <Filter>Source Files</Filter>
    </ClCompile>
    <ClCompile Include="Packet.cpp">
      <Filter>Source Files\Packet</Filter>
    </ClCompile>
    <ClCompile Include="PacketHandler.cpp">
      <Filter>Source Files\Packet</Filter>
    </ClCompile>
    <ClCompile Include="DataStream.cpp">
      <Filter>Source Files\Packet</Filter>
    </ClCompile>
    <ClCompile Include="ConsoleHandler.cpp">
      <Filter>Source Files\UI</Filter>
    </ClCompile>
  </ItemGroup>
  <ItemGroup>
    <ClInclude Include="ChatClient.h">
      <Filter>Header Files</Filter>
    </ClInclude>
    <ClInclude Include="Constants.h">
      <Filter>Header Files</Filter>
    </ClInclude>
    <ClInclude Include="Packet.h">
      <Filter>Header Files\Packet</Filter>
    </ClInclude>
    <ClInclude Include="PacketHandler.h">
      <Filter>Header Files\Packet</Filter>
    </ClInclude>
    <ClInclude Include="DataStream.h">
      <Filter>Header Files\Packet</Filter>
    </ClInclude>
    <ClInclude Include="PacketException.h">
      <Filter>Header Files\Exception</Filter>
    </ClInclude>
    <ClInclude Include="StartupException.h">
      <Filter>Header Files\Exception</Filter>
    </ClInclude>
    <ClInclude Include="ConsoleHandler.h">
      <Filter>Header Files\UI</Filter>
    </ClInclude>
  </ItemGroup>
</Project>