<?xml version="1.0" encoding="utf-8"?>
<Project ToolsVersion="4.0" xmlns="http://schemas.microsoft.com/developer/msbuild/2003">
  <ItemGroup>
    <Filter Include="Source Files">
      <UniqueIdentifier>{4FC737F1-C7A5-4376-A066-2A32D752A2FF}</UniqueIdentifier>
      <Extensions>cpp;c;cc;cxx;def;odl;idl;hpj;bat;asm;asmx</Extensions>
    </Filter>
    <Filter Include="Header Files">
      <UniqueIdentifier>{93995380-89BD-4b04-88EB-625FBE52EBFB}</UniqueIdentifier>
      <Extensions>h;hh;hpp;hxx;hm;inl;inc;ipp;xsd</Extensions>
    </Filter>
    <Filter Include="Source Files\Packet">
      <UniqueIdentifier>{a395f5e8-c3d6-499c-b40c-7a93bac3807d}</UniqueIdentifier>
    </Filter>
    <Filter Include="Header Files\Packet">
      <UniqueIdentifier>{d2973a10-02ee-486e-a4f4-ede28e013697}</UniqueIdentifier>
    </Filter>
    <Filter Include="Header Files\Exception">
      <UniqueIdentifier>{d82579e4-8b8e-4542-bdbf-32d2d03e29f7}</UniqueIdentifier>
    </Filter>
  </ItemGroup>
  <ItemGroup>
    <ClCompile Include="Server.cpp">
      <Filter>Source Files</Filter>
    </ClCompile>
    <ClCompile Include="PacketHandler.cpp">
      <Filter>Source Files\Packet</Filter>
    </ClCompile>
    <ClCompile Include="Packet.cpp">
      <Filter>Source Files\Packet</Filter>
    </ClCompile>
    <ClCompile Include="DataStream.cpp">
      <Filter>Source Files\Packet</Filter>
    </ClCompile>
    <ClCompile Include="User.cpp">
      <Filter>Source Files</Filter>
    </ClCompile>
    <ClCompile Include="Room.cpp">
      <Filter>Source Files</Filter>
    </ClCompile>
  </ItemGroup>
  <ItemGroup>
    <ClInclude Include="Server.h">
      <Filter>Header Files</Filter>
    </ClInclude>
    <ClInclude Include="Constants.h">
      <Filter>Header Files</Filter>
    </ClInclude>
    <ClInclude Include="DataStream.h">
      <Filter>Header Files\Packet</Filter>
    </ClInclude>
    <ClInclude Include="PacketHandler.h">
      <Filter>Header Files\Packet</Filter>
    </ClInclude>
    <ClInclude Include="Packet.h">
      <Filter>Header Files\Packet</Filter>
    </ClInclude>
    <ClInclude Include="User.h">
      <Filter>Header Files</Filter>
    </ClInclude>
    <ClInclude Include="PacketException.h">
      <Filter>Header Files\Exception</Filter>
    </ClInclude>
    <ClInclude Include="Room.h">
      <Filter>Header Files</Filter>
    </ClInclude>
    <ClInclude Include="StartupException.h">
      <Filter>Header Files\Exception</Filter>
    </ClInclude>
  </ItemGroup>
</Project>